
Microsoft Visual Studio Solution File, Format Version 11.00
# Visual Studio 2010
Project("{FAE04EC0-301F-11D3-BF4B-00C04F79EFBC}") = "Assembly-CSharp", "Assembly-CSharp.csproj", "{2a756c4f-513e-b9ed-1cb7-44662ac8bb9a}"
EndProject
Project("{FAE04EC0-301F-11D3-BF4B-00C04F79EFBC}") = "Assembly-CSharp-Editor", "Assembly-CSharp-Editor.csproj", "{31112a2b-8895-2aa6-9c17-9125f22a1be7}"
EndProject
Global
	GlobalSection(SolutionConfigurationPlatforms) = preSolution
		Debug|Any CPU = Debug|Any CPU
		Release|Any CPU = Release|Any CPU
	EndGlobalSection
	GlobalSection(ProjectConfigurationPlatforms) = postSolution
		{2a756c4f-513e-b9ed-1cb7-44662ac8bb9a}.Debug|Any CPU.ActiveCfg = Debug|Any CPU
		{2a756c4f-513e-b9ed-1cb7-44662ac8bb9a}.Debug|Any CPU.Build.0 = Debug|Any CPU
		{2a756c4f-513e-b9ed-1cb7-44662ac8bb9a}.Release|Any CPU.ActiveCfg = Release|Any CPU
		{2a756c4f-513e-b9ed-1cb7-44662ac8bb9a}.Release|Any CPU.Build.0 = Release|Any CPU
		{31112a2b-8895-2aa6-9c17-9125f22a1be7}.Debug|Any CPU.ActiveCfg = Debug|Any CPU
		{31112a2b-8895-2aa6-9c17-9125f22a1be7}.Debug|Any CPU.Build.0 = Debug|Any CPU
		{31112a2b-8895-2aa6-9c17-9125f22a1be7}.Release|Any CPU.ActiveCfg = Release|Any CPU
		{31112a2b-8895-2aa6-9c17-9125f22a1be7}.Release|Any CPU.Build.0 = Release|Any CPU
	EndGlobalSection
	GlobalSection(SolutionProperties) = preSolution
		HideSolutionNode = FALSE
	EndGlobalSection
EndGlobal
